
Microsoft Visual Studio Solution File, Format Version 12.00
# Visual Studio Version 16
VisualStudioVersion = 16.0.30621.155
MinimumVisualStudioVersion = 10.0.40219.1
Project("{FAE04EC0-301F-11D3-BF4B-00C04F79EFBC}") = "example3 213036", "example3 213036\example3 213036.csproj", "{0ACCFEE0-6405-4411-B621-CF32C09E0E40}"
EndProject
Global
	GlobalSection(SolutionConfigurationPlatforms) = preSolution
		Debug|Any CPU = Debug|Any CPU
		Release|Any CPU = Release|Any CPU
	EndGlobalSection
	GlobalSection(ProjectConfigurationPlatforms) = postSolution
		{0ACCFEE0-6405-4411-B621-CF32C09E0E40}.Debug|Any CPU.ActiveCfg = Debug|Any CPU
		{0ACCFEE0-6405-4411-B621-CF32C09E0E40}.Debug|Any CPU.Build.0 = Debug|Any CPU
		{0ACCFEE0-6405-4411-B621-CF32C09E0E40}.Release|Any CPU.ActiveCfg = Release|Any CPU
		{0ACCFEE0-6405-4411-B621-CF32C09E0E40}.Release|Any CPU.Build.0 = Release|Any CPU
	EndGlobalSection
	GlobalSection(SolutionProperties) = preSolution
		HideSolutionNode = FALSE
	EndGlobalSection
	GlobalSection(ExtensibilityGlobals) = postSolution
		SolutionGuid = {BC7AE164-C67C-4A44-B987-1871D120E528}
	EndGlobalSection
EndGlobal
