
Microsoft Visual Studio Solution File, Format Version 12.00
# Visual Studio Version 16
VisualStudioVersion = 16.0.30621.155
MinimumVisualStudioVersion = 10.0.40219.1
Project("{FAE04EC0-301F-11D3-BF4B-00C04F79EFBC}") = "Ex_ 213036", "Ex_ 213036\Ex_ 213036.csproj", "{988502D8-4804-4AA8-8A8D-89A9DA818F9A}"
EndProject
Global
	GlobalSection(SolutionConfigurationPlatforms) = preSolution
		Debug|Any CPU = Debug|Any CPU
		Release|Any CPU = Release|Any CPU
	EndGlobalSection
	GlobalSection(ProjectConfigurationPlatforms) = postSolution
		{988502D8-4804-4AA8-8A8D-89A9DA818F9A}.Debug|Any CPU.ActiveCfg = Debug|Any CPU
		{988502D8-4804-4AA8-8A8D-89A9DA818F9A}.Debug|Any CPU.Build.0 = Debug|Any CPU
		{988502D8-4804-4AA8-8A8D-89A9DA818F9A}.Release|Any CPU.ActiveCfg = Release|Any CPU
		{988502D8-4804-4AA8-8A8D-89A9DA818F9A}.Release|Any CPU.Build.0 = Release|Any CPU
	EndGlobalSection
	GlobalSection(SolutionProperties) = preSolution
		HideSolutionNode = FALSE
	EndGlobalSection
	GlobalSection(ExtensibilityGlobals) = postSolution
		SolutionGuid = {0D3EFCE2-BE2F-424A-8642-BEA45617F2FB}
	EndGlobalSection
EndGlobal
