
Microsoft Visual Studio Solution File, Format Version 12.00
# Visual Studio Version 16
VisualStudioVersion = 16.0.30621.155
MinimumVisualStudioVersion = 10.0.40219.1
Project("{FAE04EC0-301F-11D3-BF4B-00C04F79EFBC}") = "2D_Array213036", "2D_Array213036\2D_Array213036.csproj", "{8D29F203-BBB1-4B7D-A573-38F1D6846312}"
EndProject
Global
	GlobalSection(SolutionConfigurationPlatforms) = preSolution
		Debug|Any CPU = Debug|Any CPU
		Release|Any CPU = Release|Any CPU
	EndGlobalSection
	GlobalSection(ProjectConfigurationPlatforms) = postSolution
		{8D29F203-BBB1-4B7D-A573-38F1D6846312}.Debug|Any CPU.ActiveCfg = Debug|Any CPU
		{8D29F203-BBB1-4B7D-A573-38F1D6846312}.Debug|Any CPU.Build.0 = Debug|Any CPU
		{8D29F203-BBB1-4B7D-A573-38F1D6846312}.Release|Any CPU.ActiveCfg = Release|Any CPU
		{8D29F203-BBB1-4B7D-A573-38F1D6846312}.Release|Any CPU.Build.0 = Release|Any CPU
	EndGlobalSection
	GlobalSection(SolutionProperties) = preSolution
		HideSolutionNode = FALSE
	EndGlobalSection
	GlobalSection(ExtensibilityGlobals) = postSolution
		SolutionGuid = {721E5DCF-8712-4FCA-944E-8309724CF61E}
	EndGlobalSection
EndGlobal
