
Microsoft Visual Studio Solution File, Format Version 12.00
# Visual Studio Version 16
VisualStudioVersion = 16.0.30621.155
MinimumVisualStudioVersion = 10.0.40219.1
Project("{FAE04EC0-301F-11D3-BF4B-00C04F79EFBC}") = "Example4", "Example4\Example4.csproj", "{6E8BB8F1-F4FF-479F-8E37-CF88D6E207CC}"
EndProject
Global
	GlobalSection(SolutionConfigurationPlatforms) = preSolution
		Debug|Any CPU = Debug|Any CPU
		Release|Any CPU = Release|Any CPU
	EndGlobalSection
	GlobalSection(ProjectConfigurationPlatforms) = postSolution
		{6E8BB8F1-F4FF-479F-8E37-CF88D6E207CC}.Debug|Any CPU.ActiveCfg = Debug|Any CPU
		{6E8BB8F1-F4FF-479F-8E37-CF88D6E207CC}.Debug|Any CPU.Build.0 = Debug|Any CPU
		{6E8BB8F1-F4FF-479F-8E37-CF88D6E207CC}.Release|Any CPU.ActiveCfg = Release|Any CPU
		{6E8BB8F1-F4FF-479F-8E37-CF88D6E207CC}.Release|Any CPU.Build.0 = Release|Any CPU
	EndGlobalSection
	GlobalSection(SolutionProperties) = preSolution
		HideSolutionNode = FALSE
	EndGlobalSection
	GlobalSection(ExtensibilityGlobals) = postSolution
		SolutionGuid = {F0E579A1-4579-4DAF-939B-6A6C03963BAC}
	EndGlobalSection
EndGlobal
