
Microsoft Visual Studio Solution File, Format Version 12.00
# Visual Studio Version 16
VisualStudioVersion = 16.0.30621.155
MinimumVisualStudioVersion = 10.0.40219.1
Project("{FAE04EC0-301F-11D3-BF4B-00C04F79EFBC}") = "Single array 213036", "Single array 213036\Single array 213036.csproj", "{0AE8236C-DFE4-4EA0-8A7E-7C5973D8CEAE}"
EndProject
Global
	GlobalSection(SolutionConfigurationPlatforms) = preSolution
		Debug|Any CPU = Debug|Any CPU
		Release|Any CPU = Release|Any CPU
	EndGlobalSection
	GlobalSection(ProjectConfigurationPlatforms) = postSolution
		{0AE8236C-DFE4-4EA0-8A7E-7C5973D8CEAE}.Debug|Any CPU.ActiveCfg = Debug|Any CPU
		{0AE8236C-DFE4-4EA0-8A7E-7C5973D8CEAE}.Debug|Any CPU.Build.0 = Debug|Any CPU
		{0AE8236C-DFE4-4EA0-8A7E-7C5973D8CEAE}.Release|Any CPU.ActiveCfg = Release|Any CPU
		{0AE8236C-DFE4-4EA0-8A7E-7C5973D8CEAE}.Release|Any CPU.Build.0 = Release|Any CPU
	EndGlobalSection
	GlobalSection(SolutionProperties) = preSolution
		HideSolutionNode = FALSE
	EndGlobalSection
	GlobalSection(ExtensibilityGlobals) = postSolution
		SolutionGuid = {03407C05-0D27-471F-8E40-870B22E19DD0}
	EndGlobalSection
EndGlobal
