
Microsoft Visual Studio Solution File, Format Version 12.00
# Visual Studio Version 16
VisualStudioVersion = 16.0.30621.155
MinimumVisualStudioVersion = 10.0.40219.1
Project("{FAE04EC0-301F-11D3-BF4B-00C04F79EFBC}") = "213036labtask4", "213036labtask4\213036labtask4.csproj", "{960D97E2-4290-4C80-99FC-A00E7DD2EDAF}"
EndProject
Global
	GlobalSection(SolutionConfigurationPlatforms) = preSolution
		Debug|Any CPU = Debug|Any CPU
		Release|Any CPU = Release|Any CPU
	EndGlobalSection
	GlobalSection(ProjectConfigurationPlatforms) = postSolution
		{960D97E2-4290-4C80-99FC-A00E7DD2EDAF}.Debug|Any CPU.ActiveCfg = Debug|Any CPU
		{960D97E2-4290-4C80-99FC-A00E7DD2EDAF}.Debug|Any CPU.Build.0 = Debug|Any CPU
		{960D97E2-4290-4C80-99FC-A00E7DD2EDAF}.Release|Any CPU.ActiveCfg = Release|Any CPU
		{960D97E2-4290-4C80-99FC-A00E7DD2EDAF}.Release|Any CPU.Build.0 = Release|Any CPU
	EndGlobalSection
	GlobalSection(SolutionProperties) = preSolution
		HideSolutionNode = FALSE
	EndGlobalSection
	GlobalSection(ExtensibilityGlobals) = postSolution
		SolutionGuid = {E79C8FA0-ABE2-4CB3-9996-942563268AFA}
	EndGlobalSection
EndGlobal
